
Microsoft Visual Studio Solution File, Format Version 12.00
# Visual Studio Version 16
VisualStudioVersion = 16.0.29905.134
MinimumVisualStudioVersion = 10.0.40219.1
Project("{FAE04EC0-301F-11D3-BF4B-00C04F79EFBC}") = "WebAppSonarqubeNetCore", "WebAppSonarqubeNetCore\WebAppSonarqubeNetCore.csproj", "{EBA8ADE3-5041-4706-AFF8-F0B421294485}"
EndProject
Global
	GlobalSection(SolutionConfigurationPlatforms) = preSolution
		Debug|Any CPU = Debug|Any CPU
		Release|Any CPU = Release|Any CPU
	EndGlobalSection
	GlobalSection(ProjectConfigurationPlatforms) = postSolution
		{EBA8ADE3-5041-4706-AFF8-F0B421294485}.Debug|Any CPU.ActiveCfg = Debug|Any CPU
		{EBA8ADE3-5041-4706-AFF8-F0B421294485}.Debug|Any CPU.Build.0 = Debug|Any CPU
		{EBA8ADE3-5041-4706-AFF8-F0B421294485}.Release|Any CPU.ActiveCfg = Release|Any CPU
		{EBA8ADE3-5041-4706-AFF8-F0B421294485}.Release|Any CPU.Build.0 = Release|Any CPU
	EndGlobalSection
	GlobalSection(SolutionProperties) = preSolution
		HideSolutionNode = FALSE
	EndGlobalSection
	GlobalSection(ExtensibilityGlobals) = postSolution
		SolutionGuid = {C366A43A-89A7-46D5-A2E2-9D33FDE000CD}
	EndGlobalSection
EndGlobal
