
Microsoft Visual Studio Solution File, Format Version 12.00
# Visual Studio Version 16
VisualStudioVersion = 16.0.29905.134
MinimumVisualStudioVersion = 10.0.40219.1
Project("{9A19103F-16F7-4668-BE54-9A1E7A4F7556}") = "WebApplication1", "WebApplication1\WebApplication1.csproj", "{6D1E9319-1952-4B07-9125-B44D832608E3}"
EndProject
Project("{2150E333-8FDC-42A3-9474-1A3956D46DE8}") = "Solution Items", "Solution Items", "{E35A943B-2BFD-40C2-A016-CF35FC2CC3E0}"
	ProjectSection(SolutionItems) = preProject
		RuleSet1.ruleset = RuleSet1.ruleset
	EndProjectSection
EndProject
Global
	GlobalSection(SolutionConfigurationPlatforms) = preSolution
		Debug|Any CPU = Debug|Any CPU
		Release|Any CPU = Release|Any CPU
	EndGlobalSection
	GlobalSection(ProjectConfigurationPlatforms) = postSolution
		{6D1E9319-1952-4B07-9125-B44D832608E3}.Debug|Any CPU.ActiveCfg = Debug|Any CPU
		{6D1E9319-1952-4B07-9125-B44D832608E3}.Debug|Any CPU.Build.0 = Debug|Any CPU
		{6D1E9319-1952-4B07-9125-B44D832608E3}.Release|Any CPU.ActiveCfg = Release|Any CPU
		{6D1E9319-1952-4B07-9125-B44D832608E3}.Release|Any CPU.Build.0 = Release|Any CPU
	EndGlobalSection
	GlobalSection(SolutionProperties) = preSolution
		HideSolutionNode = FALSE
	EndGlobalSection
	GlobalSection(ExtensibilityGlobals) = postSolution
		SolutionGuid = {C366A43A-89A7-46D5-A2E2-9D33FDE000CD}
	EndGlobalSection
EndGlobal
